// !$*UTF8*$!
{
	archiveVersion = 1;
	classes = {
	};
	objectVersion = 46;
	objects = {

/* Begin PBXBuildFile section */
		FBADD5101A7B417E0002FF13 /* main.m in Sources */ = {isa = PBXBuildFile; fileRef = FBADD50F1A7B417E0002FF13 /* main.m */; };
		FBADD5131A7B417E0002FF13 /* AppDelegate.m in Sources */ = {isa = PBXBuildFile; fileRef = FBADD5121A7B417E0002FF13 /* AppDelegate.m */; };
		FBADD5161A7B417E0002FF13 /* ViewController.m in Sources */ = {isa = PBXBuildFile; fileRef = FBADD5151A7B417E0002FF13 /* ViewController.m */; };
		FBADD5191A7B417E0002FF13 /* Main.storyboard in Resources */ = {isa = PBXBuildFile; fileRef = FBADD5171A7B417E0002FF13 /* Main.storyboard */; };
		FBADD51B1A7B417E0002FF13 /* Images.xcassets in Resources */ = {isa = PBXBuildFile; fileRef = FBADD51A1A7B417E0002FF13 /* Images.xcassets */; };
		FBADD51E1A7B417E0002FF13 /* LaunchScreen.xib in Resources */ = {isa = PBXBuildFile; fileRef = FBADD51C1A7B417E0002FF13 /* LaunchScreen.xib */; };
		FBADD52A1A7B417E0002FF13 /* testGitTests.m in Sources */ = {isa = PBXBuildFile; fileRef = FBADD5291A7B417E0002FF13 /* testGitTests.m */; };
/* End PBXBuildFile section */

/* Begin PBXContainerItemProxy section */
		FBADD5241A7B417E0002FF13 /* PBXContainerItemProxy */ = {
			isa = PBXContainerItemProxy;
			containerPortal = FBADD5021A7B417E0002FF13 /* Project object */;
			proxyType = 1;
			remoteGlobalIDString = FBADD5091A7B417E0002FF13;
			remoteInfo = testGit;
		};
/* End PBXContainerItemProxy section */

/* Begin PBXFileReference section */
		FBADD50A1A7B417E0002FF13 /* testGit.app */ = {isa = PBXFileReference; explicitFileType = wrapper.application; includeInIndex = 0; path = testGit.app; sourceTree = BUILT_PRODUCTS_DIR; };
		FBADD50E1A7B417E0002FF13 /* Info.plist */ = {isa = PBXFileReference; lastKnownFileType = text.plist.xml; path = Info.plist; sourceTree = "<group>"; };
		FBADD50F1A7B417E0002FF13 /* main.m */ = {isa = PBXFileReference; lastKnownFileType = sourcecode.c.objc; path = main.m; sourceTree = "<group>"; };
		FBADD5111A7B417E0002FF13 /* AppDelegate.h */ = {isa = PBXFileReference; lastKnownFileType = sourcecode.c.h; path = AppDelegate.h; sourceTree = "<group>"; };
		FBADD5121A7B417E0002FF13 /* AppDelegate.m */ = {isa = PBXFileReference; lastKnownFileType = sourcecode.c.objc; path = AppDelegate.m; sourceTree = "<group>"; };
		FBADD5141A7B417E0002FF13 /* ViewController.h */ = {isa = PBXFileReference; lastKnownFileType = sourcecode.c.h; path = ViewController.h; sourceTree = "<group>"; };
		FBADD5151A7B417E0002FF13 /* ViewController.m */ = {isa = PBXFileReference; lastKnownFileType = sourcecode.c.objc; path = ViewController.m; sourceTree = "<group>"; };
		FBADD5181A7B417E0002FF13 /* Base */ = {isa = PBXFileReference; lastKnownFileType = file.storyboard; name = Base; path = Base.lproj/Main.storyboard; sourceTree = "<group>"; };
		FBADD51A1A7B417E0002FF13 /* Images.xcassets */ = {isa = PBXFileReference; lastKnownFileType = folder.assetcatalog; path = Images.xcassets; sourceTree = "<group>"; };
		FBADD51D1A7B417E0002FF13 /* Base */ = {isa = PBXFileReference; lastKnownFileType = file.xib; name = Base; path = Base.lproj/LaunchScreen.xib; sourceTree = "<group>"; };
		FBADD5231A7B417E0002FF13 /* testGitTests.xctest */ = {isa = PBXFileReference; explicitFileType = wrapper.cfbundle; includeInIndex = 0; path = testGitTests.xctest; sourceTree = BUILT_PRODUCTS_DIR; };
		FBADD5281A7B417E0002FF13 /* Info.plist */ = {isa = PBXFileReference; lastKnownFileType = text.plist.xml; path = Info.plist; sourceTree = "<group>"; };
		FBADD5291A7B417E0002FF13 /* testGitTests.m */ = {isa = PBXFileReference; lastKnownFileType = sourcecode.c.objc; path = testGitTests.m; sourceTree = "<group>"; };
/* End PBXFileReference section */

/* Begin PBXFrameworksBuildPhase section */
		FBADD5071A7B417E0002FF13 /* Frameworks */ = {
			isa = PBXFrameworksBuildPhase;
			buildActionMask = 2147483647;
			files = (
			);
			runOnlyForDeploymentPostprocessing = 0;
		};
		FBADD5201A7B417E0002FF13 /* Frameworks */ = {
			isa = PBXFrameworksBuildPhase;
			buildActionMask = 2147483647;
			files = (
			);
			runOnlyForDeploymentPostprocessing = 0;
		};
/* End PBXFrameworksBuildPhase section */

/* Begin PBXGroup section */
		FBADD5011A7B417D0002FF13 = {
			isa = PBXGroup;
			children = (
				FBADD50C1A7B417E0002FF13 /* testGit */,
				FBADD5261A7B417E0002FF13 /* testGitTests */,
				FBADD50B1A7B417E0002FF13 /* Products */,
			);
			sourceTree = "<group>";
		};
		FBADD50B1A7B417E0002FF13 /* Products */ = {
			isa = PBXGroup;
			children = (
				FBADD50A1A7B417E0002FF13 /* testGit.app */,
				FBADD5231A7B417E0002FF13 /* testGitTests.xctest */,
			);
			name = Products;
			sourceTree = "<group>";
		};
		FBADD50C1A7B417E0002FF13 /* testGit */ = {
			isa = PBXGroup;
			children = (
				FBADD5111A7B417E0002FF13 /* AppDelegate.h */,
				FBADD5121A7B417E0002FF13 /* AppDelegate.m */,
				FBADD5141A7B417E0002FF13 /* ViewController.h */,
				FBADD5151A7B417E0002FF13 /* ViewController.m */,
				FBADD5171A7B417E0002FF13 /* Main.storyboard */,
				FBADD51A1A7B417E0002FF13 /* Images.xcassets */,
				FBADD51C1A7B417E0002FF13 /* LaunchScreen.xib */,
				FBADD50D1A7B417E0002FF13 /* Supporting Files */,
			);
			path = testGit;
			sourceTree = "<group>";
		};
		FBADD50D1A7B417E0002FF13 /* Supporting Files */ = {
			isa = PBXGroup;
			children = (
				FBADD50E1A7B417E0002FF13 /* Info.plist */,
				FBADD50F1A7B417E0002FF13 /* main.m */,
			);
			name = "Supporting Files";
			sourceTree = "<group>";
		};
		FBADD5261A7B417E0002FF13 /* testGitTests */ = {
			isa = PBXGroup;
			children = (
				FBADD5291A7B417E0002FF13 /* testGitTests.m */,
				FBADD5271A7B417E0002FF13 /* Supporting Files */,
			);
			path = testGitTests;
			sourceTree = "<group>";
		};
		FBADD5271A7B417E0002FF13 /* Supporting Files */ = {
			isa = PBXGroup;
			children = (
				FBADD5281A7B417E0002FF13 /* Info.plist */,
			);
			name = "Supporting Files";
			sourceTree = "<group>";
		};
/* End PBXGroup section */

/* Begin PBXNativeTarget section */
		FBADD5091A7B417E0002FF13 /* testGit */ = {
			isa = PBXNativeTarget;
			buildConfigurationList = FBADD52D1A7B417E0002FF13 /* Build configuration list for PBXNativeTarget "testGit" */;
			buildPhases = (
				FBADD5061A7B417E0002FF13 /* Sources */,
				FBADD5071A7B417E0002FF13 /* Frameworks */,
				FBADD5081A7B417E0002FF13 /* Resources */,
			);
			buildRules = (
			);
			dependencies = (
			);
			name = testGit;
			productName = testGit;
			productReference = FBADD50A1A7B417E0002FF13 /* testGit.app */;
			productType = "com.apple.product-type.application";
		};
		FBADD5221A7B417E0002FF13 /* testGitTests */ = {
			isa = PBXNativeTarget;
			buildConfigurationList = FBADD5301A7B417E0002FF13 /* Build configuration list for PBXNativeTarget "testGitTests" */;
			buildPhases = (
				FBADD51F1A7B417E0002FF13 /* Sources */,
				FBADD5201A7B417E0002FF13 /* Frameworks */,
				FBADD5211A7B417E0002FF13 /* Resources */,
			);
			buildRules = (
			);
			dependencies = (
				FBADD5251A7B417E0002FF13 /* PBXTargetDependency */,
			);
			name = testGitTests;
			productName = testGitTests;
			productReference = FBADD5231A7B417E0002FF13 /* testGitTests.xctest */;
			productType = "com.apple.product-type.bundle.unit-test";
		};
/* End PBXNativeTarget section */

/* Begin PBXProject section */
		FBADD5021A7B417E0002FF13 /* Project object */ = {
			isa = PBXProject;
			attributes = {
				LastUpgradeCheck = 0610;
				ORGANIZATIONNAME = leYuan;
				TargetAttributes = {
					FBADD5091A7B417E0002FF13 = {
						CreatedOnToolsVersion = 6.1.1;
					};
					FBADD5221A7B417E0002FF13 = {
						CreatedOnToolsVersion = 6.1.1;
						TestTargetID = FBADD5091A7B417E0002FF13;
					};
				};
			};
			buildConfigurationList = FBADD5051A7B417E0002FF13 /* Build configuration list for PBXProject "testGit" */;
			compatibilityVersion = "Xcode 3.2";
			developmentRegion = English;
			hasScannedForEncodings = 0;
			knownRegions = (
				en,
				Base,
			);
			mainGroup = FBADD5011A7B417D0002FF13;
			productRefGroup = FBADD50B1A7B417E0002FF13 /* Products */;
			projectDirPath = "";
			projectRoot = "";
			targets = (
				FBADD5091A7B417E0002FF13 /* testGit */,
				FBADD5221A7B417E0002FF13 /* testGitTests */,
			);
		};
/* End PBXProject section */

/* Begin PBXResourcesBuildPhase section */
		FBADD5081A7B417E0002FF13 /* Resources */ = {
			isa = PBXResourcesBuildPhase;
			buildActionMask = 2147483647;
			files = (
				FBADD5191A7B417E0002FF13 /* Main.storyboard in Resources */,
				FBADD51E1A7B417E0002FF13 /* LaunchScreen.xib in Resources */,
				FBADD51B1A7B417E0002FF13 /* Images.xcassets in Resources */,
			);
			runOnlyForDeploymentPostprocessing = 0;
		};
		FBADD5211A7B417E0002FF13 /* Resources */ = {
			isa = PBXResourcesBuildPhase;
			buildActionMask = 2147483647;
			files = (
			);
			runOnlyForDeploymentPostprocessing = 0;
		};
/* End PBXResourcesBuildPhase section */

/* Begin PBXSourcesBuildPhase section */
		FBADD5061A7B417E0002FF13 /* Sources */ = {
			isa = PBXSourcesBuildPhase;
			buildActionMask = 2147483647;
			files = (
				FBADD5161A7B417E0002FF13 /* ViewController.m in Sources */,
				FBADD5131A7B417E0002FF13 /* AppDelegate.m in Sources */,
				FBADD5101A7B417E0002FF13 /* main.m in Sources */,
			);
			runOnlyForDeploymentPostprocessing = 0;
		};
		FBADD51F1A7B417E0002FF13 /* Sources */ = {
			isa = PBXSourcesBuildPhase;
			buildActionMask = 2147483647;
			files = (
				FBADD52A1A7B417E0002FF13 /* testGitTests.m in Sources */,
			);
			runOnlyForDeploymentPostprocessing = 0;
		};
/* End PBXSourcesBuildPhase section */

/* Begin PBXTargetDependency section */
		FBADD5251A7B417E0002FF13 /* PBXTargetDependency */ = {
			isa = PBXTargetDependency;
			target = FBADD5091A7B417E0002FF13 /* testGit */;
			targetProxy = FBADD5241A7B417E0002FF13 /* PBXContainerItemProxy */;
		};
/* End PBXTargetDependency section */

/* Begin PBXVariantGroup section */
		FBADD5171A7B417E0002FF13 /* Main.storyboard */ = {
			isa = PBXVariantGroup;
			children = (
				FBADD5181A7B417E0002FF13 /* Base */,
			);
			name = Main.storyboard;
			sourceTree = "<group>";
		};
		FBADD51C1A7B417E0002FF13 /* LaunchScreen.xib */ = {
			isa = PBXVariantGroup;
			children = (
				FBADD51D1A7B417E0002FF13 /* Base */,
			);
			name = LaunchScreen.xib;
			sourceTree = "<group>";
		};
/* End PBXVariantGroup section */

/* Begin XCBuildConfiguration section */
		FBADD52B1A7B417E0002FF13 /* Debug */ = {
			isa = XCBuildConfiguration;
			buildSettings = {
				ALWAYS_SEARCH_USER_PATHS = NO;
				CLANG_CXX_LANGUAGE_STANDARD = "gnu++0x";
				CLANG_CXX_LIBRARY = "libc++";
				CLANG_ENABLE_MODULES = YES;
				CLANG_ENABLE_OBJC_ARC = YES;
				CLANG_WARN_BOOL_CONVERSION = YES;
				CLANG_WARN_CONSTANT_CONVERSION = YES;
				CLANG_WARN_DIRECT_OBJC_ISA_USAGE = YES_ERROR;
				CLANG_WARN_EMPTY_BODY = YES;
				CLANG_WARN_ENUM_CONVERSION = YES;
				CLANG_WARN_INT_CONVERSION = YES;
				CLANG_WARN_OBJC_ROOT_CLASS = YES_ERROR;
				CLANG_WARN_UNREACHABLE_CODE = YES;
				CLANG_WARN__DUPLICATE_METHOD_MATCH = YES;
				"CODE_SIGN_IDENTITY[sdk=iphoneos*]" = "iPhone Developer";
				COPY_PHASE_STRIP = NO;
				ENABLE_STRICT_OBJC_MSGSEND = YES;
				GCC_C_LANGUAGE_STANDARD = gnu99;
				GCC_DYNAMIC_NO_PIC = NO;
				GCC_OPTIMIZATION_LEVEL = 0;
				GCC_PREPROCESSOR_DEFINITIONS = (
					"DEBUG=1",
					"$(inherited)",
				);
				GCC_SYMBOLS_PRIVATE_EXTERN = NO;
				GCC_WARN_64_TO_32_BIT_CONVERSION = YES;
				GCC_WARN_ABOUT_RETURN_TYPE = YES_ERROR;
				GCC_WARN_UNDECLARED_SELECTOR = YES;
				GCC_WARN_UNINITIALIZED_AUTOS = YES_AGGRESSIVE;
				GCC_WARN_UNUSED_FUNCTION = YES;
				GCC_WARN_UNUSED_VARIABLE = YES;
				IPHONEOS_DEPLOYMENT_TARGET = 8.1;
				MTL_ENABLE_DEBUG_INFO = YES;
				ONLY_ACTIVE_ARCH = YES;
				SDKROOT = iphoneos;
			};
			name = Debug;
		};
		FBADD52C1A7B417E0002FF13 /* Release */ = {
			isa = XCBuildConfiguration;
			buildSettings = {
				ALWAYS_SEARCH_USER_PATHS = NO;
				CLANG_CXX_LANGUAGE_STANDARD = "gnu++0x";
				CLANG_CXX_LIBRARY = "libc++";
				CLANG_ENABLE_MODULES = YES;
				CLANG_ENABLE_OBJC_ARC = YES;
				CLANG_WARN_BOOL_CONVERSION = YES;
				CLANG_WARN_CONSTANT_CONVERSION = YES;
				CLANG_WARN_DIRECT_OBJC_ISA_USAGE = YES_ERROR;
				CLANG_WARN_EMPTY_BODY = YES;
				CLANG_WARN_ENUM_CONVERSION = YES;
				CLANG_WARN_INT_CONVERSION = YES;
				CLANG_WARN_OBJC_ROOT_CLASS = YES_ERROR;
				CLANG_WARN_UNREACHABLE_CODE = YES;
				CLANG_WARN__DUPLICATE_METHOD_MATCH = YES;
				"CODE_SIGN_IDENTITY[sdk=iphoneos*]" = "iPhone Developer";
				COPY_PHASE_STRIP = YES;
				ENABLE_NS_ASSERTIONS = NO;
				ENABLE_STRICT_OBJC_MSGSEND = YES;
				GCC_C_LANGUAGE_STANDARD = gnu99;
				GCC_WARN_64_TO_32_BIT_CONVERSION = YES;
				GCC_WARN_ABOUT_RETURN_TYPE = YES_ERROR;
				GCC_WARN_UNDECLARED_SELECTOR = YES;
				GCC_WARN_UNINITIALIZED_AUTOS = YES_AGGRESSIVE;
				GCC_WARN_UNUSED_FUNCTION = YES;
				GCC_WARN_UNUSED_VARIABLE = YES;
				IPHONEOS_DEPLOYMENT_TARGET = 8.1;
				MTL_ENABLE_DEBUG_INFO = NO;
				SDKROOT = iphoneos;
				VALIDATE_PRODUCT = YES;
			};
			name = Release;
		};
		FBADD52E1A7B417E0002FF13 /* Debug */ = {
			isa = XCBuildConfiguration;
			buildSettings = {
				ASSETCATALOG_COMPILER_APPICON_NAME = AppIcon;
				INFOPLIST_FILE = testGit/Info.plist;
				LD_RUNPATH_SEARCH_PATHS = "$(inherited) @executable_path/Frameworks";
				PRODUCT_NAME = "$(TARGET_NAME)";
			};
			name = Debug;
		};
		FBADD52F1A7B417E0002FF13 /* Release */ = {
			isa = XCBuildConfiguration;
			buildSettings = {
				ASSETCATALOG_COMPILER_APPICON_NAME = AppIcon;
				INFOPLIST_FILE = testGit/Info.plist;
				LD_RUNPATH_SEARCH_PATHS = "$(inherited) @executable_path/Frameworks";
				PRODUCT_NAME = "$(TARGET_NAME)";
			};
			name = Release;
		};
		FBADD5311A7B417E0002FF13 /* Debug */ = {
			isa = XCBuildConfiguration;
			buildSettings = {
				BUNDLE_LOADER = "$(TEST_HOST)";
				FRAMEWORK_SEARCH_PATHS = (
					"$(SDKROOT)/Developer/Library/Frameworks",
					"$(inherited)",
				);
				GCC_PREPROCESSOR_DEFINITIONS = (
					"DEBUG=1",
					"$(inherited)",
				);
				INFOPLIST_FILE = testGitTests/Info.plist;
				LD_RUNPATH_SEARCH_PATHS = "$(inherited) @executable_path/Frameworks @loader_path/Frameworks";
				PRODUCT_NAME = "$(TARGET_NAME)";
				TEST_HOST = "$(BUILT_PRODUCTS_DIR)/testGit.app/testGit";
			};
			name = Debug;
		};
		FBADD5321A7B417E0002FF13 /* Release */ = {
			isa = XCBuildConfiguration;
			buildSettings = {
				BUNDLE_LOADER = "$(TEST_HOST)";
				FRAMEWORK_SEARCH_PATHS = (
					"$(SDKROOT)/Developer/Library/Frameworks",
					"$(inherited)",
				);
				INFOPLIST_FILE = testGitTests/Info.plist;
				LD_RUNPATH_SEARCH_PATHS = "$(inherited) @executable_path/Frameworks @loader_path/Frameworks";
				PRODUCT_NAME = "$(TARGET_NAME)";
				TEST_HOST = "$(BUILT_PRODUCTS_DIR)/testGit.app/testGit";
			};
			name = Release;
		};
/* End XCBuildConfiguration section */

/* Begin XCConfigurationList section */
		FBADD5051A7B417E0002FF13 /* Build configuration list for PBXProject "testGit" */ = {
			isa = XCConfigurationList;
			buildConfigurations = (
				FBADD52B1A7B417E0002FF13 /* Debug */,
				FBADD52C1A7B417E0002FF13 /* Release */,
			);
			defaultConfigurationIsVisible = 0;
			defaultConfigurationName = Release;
		};
		FBADD52D1A7B417E0002FF13 /* Build configuration list for PBXNativeTarget "testGit" */ = {
			isa = XCConfigurationList;
			buildConfigurations = (
				FBADD52E1A7B417E0002FF13 /* Debug */,
				FBADD52F1A7B417E0002FF13 /* Release */,
			);
			defaultConfigurationIsVisible = 0;
		};
		FBADD5301A7B417E0002FF13 /* Build configuration list for PBXNativeTarget "testGitTests" */ = {
			isa = XCConfigurationList;
			buildConfigurations = (
				FBADD5311A7B417E0002FF13 /* Debug */,
				FBADD5321A7B417E0002FF13 /* Release */,
			);
			defaultConfigurationIsVisible = 0;
		};
/* End XCConfigurationList section */
	};
	rootObject = FBADD5021A7B417E0002FF13 /* Project object */;
}
